
Microsoft Visual Studio Solution File, Format Version 12.00
# Visual Studio Version 17
VisualStudioVersion = 17.4.33213.308
MinimumVisualStudioVersion = 10.0.40219.1
Project("{9A19103F-16F7-4668-BE54-9A1E7A4F7556}") = "ServerAPI", "ServerAPI\ServerAPI.csproj", "{EF64B3F6-6D80-42A9-9DB4-3C47E1623BBB}"
EndProject
Project("{9A19103F-16F7-4668-BE54-9A1E7A4F7556}") = "ClassLibrary584", "ClassLibrary584\ClassLibrary584.csproj", "{72259688-9964-4BAC-B72F-A8F6AEBE578C}"
EndProject
Global
	GlobalSection(SolutionConfigurationPlatforms) = preSolution
		Debug|Any CPU = Debug|Any CPU
		Release|Any CPU = Release|Any CPU
	EndGlobalSection
	GlobalSection(ProjectConfigurationPlatforms) = postSolution
		{EF64B3F6-6D80-42A9-9DB4-3C47E1623BBB}.Debug|Any CPU.ActiveCfg = Debug|Any CPU
		{EF64B3F6-6D80-42A9-9DB4-3C47E1623BBB}.Debug|Any CPU.Build.0 = Debug|Any CPU
		{EF64B3F6-6D80-42A9-9DB4-3C47E1623BBB}.Release|Any CPU.ActiveCfg = Release|Any CPU
		{EF64B3F6-6D80-42A9-9DB4-3C47E1623BBB}.Release|Any CPU.Build.0 = Release|Any CPU
		{72259688-9964-4BAC-B72F-A8F6AEBE578C}.Debug|Any CPU.ActiveCfg = Debug|Any CPU
		{72259688-9964-4BAC-B72F-A8F6AEBE578C}.Debug|Any CPU.Build.0 = Debug|Any CPU
		{72259688-9964-4BAC-B72F-A8F6AEBE578C}.Release|Any CPU.ActiveCfg = Release|Any CPU
		{72259688-9964-4BAC-B72F-A8F6AEBE578C}.Release|Any CPU.Build.0 = Release|Any CPU
	EndGlobalSection
	GlobalSection(SolutionProperties) = preSolution
		HideSolutionNode = FALSE
	EndGlobalSection
	GlobalSection(ExtensibilityGlobals) = postSolution
		SolutionGuid = {7310802A-7A9A-4419-A864-8F7B0E4A1BB9}
	EndGlobalSection
EndGlobal
